// !$*UTF8*$!
{
	archiveVersion = 1;
	classes = {
	};
	objectVersion = 46;
	objects = {

/* Begin PBXBuildFile section */
		410331071FFA7ADA002744B6 /* Credits.html in Resources */ = {isa = PBXBuildFile; fileRef = 410331061FFA7ADA002744B6 /* Credits.html */; };
		410331091FFAE784002744B6 /* PreferencesViewController.swift in Sources */ = {isa = PBXBuildFile; fileRef = 410331081FFAE784002744B6 /* PreferencesViewController.swift */; };
		41050CA01F6D1FC2003721E9 /* NSImage+Tinting.swift in Sources */ = {isa = PBXBuildFile; fileRef = 41050C9F1F6D1FC2003721E9 /* NSImage+Tinting.swift */; };
		411460771F78E6E10066C99D /* HelpPopover.swift in Sources */ = {isa = PBXBuildFile; fileRef = 411460751F78E6E10066C99D /* HelpPopover.swift */; };
		415140D11FF7E18800AF40E2 /* HowToMoveIcon.mp4 in Resources */ = {isa = PBXBuildFile; fileRef = 415140D01FF7E18800AF40E2 /* HowToMoveIcon.mp4 */; };
		417FCE411F6D8C3700381B5C /* StatusItemController.swift in Sources */ = {isa = PBXBuildFile; fileRef = 417FCE401F6D8C3700381B5C /* StatusItemController.swift */; };
		4195737D1F648260007E71AD /* AppDelegate.swift in Sources */ = {isa = PBXBuildFile; fileRef = 4195737C1F648260007E71AD /* AppDelegate.swift */; };
		4195737F1F648260007E71AD /* ViewController.swift in Sources */ = {isa = PBXBuildFile; fileRef = 4195737E1F648260007E71AD /* ViewController.swift */; };
		419573811F648260007E71AD /* Assets.xcassets in Resources */ = {isa = PBXBuildFile; fileRef = 419573801F648260007E71AD /* Assets.xcassets */; };
		419573841F648260007E71AD /* Main.storyboard in Resources */ = {isa = PBXBuildFile; fileRef = 419573821F648260007E71AD /* Main.storyboard */; };
		4195738C1F653770007E71AD /* SoundDeviceWatcher.swift in Sources */ = {isa = PBXBuildFile; fileRef = 4195738B1F653770007E71AD /* SoundDeviceWatcher.swift */; };
		41A4AAFB1F66BDE900D201E3 /* ListenerHack.m in Sources */ = {isa = PBXBuildFile; fileRef = 41A4AAFA1F66BDE900D201E3 /* ListenerHack.m */; };
		41ABEF9C1F74F94E00511727 /* AppDelegate.m in Sources */ = {isa = PBXBuildFile; fileRef = 41ABEF9B1F74F94E00511727 /* AppDelegate.m */; };
		41ABEF9F1F74F94E00511727 /* main.m in Sources */ = {isa = PBXBuildFile; fileRef = 41ABEF9E1F74F94E00511727 /* main.m */; };
		41ABEFA41F74F94E00511727 /* Assets.xcassets in Resources */ = {isa = PBXBuildFile; fileRef = 41ABEFA31F74F94E00511727 /* Assets.xcassets */; };
		41ABEFA71F74F94E00511727 /* Main.storyboard in Resources */ = {isa = PBXBuildFile; fileRef = 41ABEFA51F74F94E00511727 /* Main.storyboard */; };
		41ABEFAD1F74FA0500511727 /* WheresMySoundHelper.app in CopyFiles */ = {isa = PBXBuildFile; fileRef = 41ABEF981F74F94E00511727 /* WheresMySoundHelper.app */; settings = {ATTRIBUTES = (RemoveHeadersOnCopy, ); }; };
		41F0C8B71F71B0F0009669BA /* AutoStartController.swift in Sources */ = {isa = PBXBuildFile; fileRef = 41F0C8B61F71B0F0009669BA /* AutoStartController.swift */; };
		41F57FCF1F765C02006E45FA /* NSMenu+AddItemWithTarget.swift in Sources */ = {isa = PBXBuildFile; fileRef = 41F57FCE1F765C02006E45FA /* NSMenu+AddItemWithTarget.swift */; };
/* End PBXBuildFile section */

/* Begin PBXContainerItemProxy section */
		41ABEFB01F74FD4000511727 /* PBXContainerItemProxy */ = {
			isa = PBXContainerItemProxy;
			containerPortal = 419573711F648260007E71AD /* Project object */;
			proxyType = 1;
			remoteGlobalIDString = 41ABEF971F74F94E00511727;
			remoteInfo = WheresMySoundHelper;
		};
/* End PBXContainerItemProxy section */

/* Begin PBXCopyFilesBuildPhase section */
		41ABEFAC1F74F9E600511727 /* CopyFiles */ = {
			isa = PBXCopyFilesBuildPhase;
			buildActionMask = 12;
			dstPath = Contents/Library/LoginItems;
			dstSubfolderSpec = 1;
			files = (
				41ABEFAD1F74FA0500511727 /* WheresMySoundHelper.app in CopyFiles */,
			);
			runOnlyForDeploymentPostprocessing = 0;
		};
/* End PBXCopyFilesBuildPhase section */

/* Begin PBXFileReference section */
		410331061FFA7ADA002744B6 /* Credits.html */ = {isa = PBXFileReference; fileEncoding = 4; lastKnownFileType = text.html; path = Credits.html; sourceTree = "<group>"; };
		410331081FFAE784002744B6 /* PreferencesViewController.swift */ = {isa = PBXFileReference; lastKnownFileType = sourcecode.swift; path = PreferencesViewController.swift; sourceTree = "<group>"; };
		41050C9F1F6D1FC2003721E9 /* NSImage+Tinting.swift */ = {isa = PBXFileReference; fileEncoding = 4; lastKnownFileType = sourcecode.swift; path = "NSImage+Tinting.swift"; sourceTree = "<group>"; };
		411460751F78E6E10066C99D /* HelpPopover.swift */ = {isa = PBXFileReference; lastKnownFileType = sourcecode.swift; path = HelpPopover.swift; sourceTree = "<group>"; };
		415140D01FF7E18800AF40E2 /* HowToMoveIcon.mp4 */ = {isa = PBXFileReference; lastKnownFileType = file; path = HowToMoveIcon.mp4; sourceTree = "<group>"; };
		417FCE401F6D8C3700381B5C /* StatusItemController.swift */ = {isa = PBXFileReference; fileEncoding = 4; lastKnownFileType = sourcecode.swift; path = StatusItemController.swift; sourceTree = "<group>"; };
		419573791F648260007E71AD /* WheresMySound.app */ = {isa = PBXFileReference; explicitFileType = wrapper.application; includeInIndex = 0; path = WheresMySound.app; sourceTree = BUILT_PRODUCTS_DIR; };
		4195737C1F648260007E71AD /* AppDelegate.swift */ = {isa = PBXFileReference; lastKnownFileType = sourcecode.swift; path = AppDelegate.swift; sourceTree = "<group>"; };
		4195737E1F648260007E71AD /* ViewController.swift */ = {isa = PBXFileReference; lastKnownFileType = sourcecode.swift; path = ViewController.swift; sourceTree = "<group>"; };
		419573801F648260007E71AD /* Assets.xcassets */ = {isa = PBXFileReference; lastKnownFileType = folder.assetcatalog; path = Assets.xcassets; sourceTree = "<group>"; };
		419573831F648260007E71AD /* Base */ = {isa = PBXFileReference; lastKnownFileType = file.storyboard; name = Base; path = Base.lproj/Main.storyboard; sourceTree = "<group>"; };
		419573851F648260007E71AD /* Info.plist */ = {isa = PBXFileReference; lastKnownFileType = text.plist.xml; path = Info.plist; sourceTree = "<group>"; };
		4195738B1F653770007E71AD /* SoundDeviceWatcher.swift */ = {isa = PBXFileReference; fileEncoding = 4; lastKnownFileType = sourcecode.swift; path = SoundDeviceWatcher.swift; sourceTree = "<group>"; };
		41A4AAF91F66BDE900D201E3 /* WheresMySound-Bridging-Header.h */ = {isa = PBXFileReference; lastKnownFileType = sourcecode.c.h; path = "WheresMySound-Bridging-Header.h"; sourceTree = "<group>"; };
		41A4AAFA1F66BDE900D201E3 /* ListenerHack.m */ = {isa = PBXFileReference; fileEncoding = 4; lastKnownFileType = sourcecode.c.objc; path = ListenerHack.m; sourceTree = "<group>"; };
		41A4AAFC1F66BE0800D201E3 /* ListenerHack.h */ = {isa = PBXFileReference; lastKnownFileType = sourcecode.c.h; path = ListenerHack.h; sourceTree = "<group>"; };
		41ABEF981F74F94E00511727 /* WheresMySoundHelper.app */ = {isa = PBXFileReference; explicitFileType = wrapper.application; includeInIndex = 0; path = WheresMySoundHelper.app; sourceTree = BUILT_PRODUCTS_DIR; };
		41ABEF9A1F74F94E00511727 /* AppDelegate.h */ = {isa = PBXFileReference; lastKnownFileType = sourcecode.c.h; path = AppDelegate.h; sourceTree = "<group>"; };
		41ABEF9B1F74F94E00511727 /* AppDelegate.m */ = {isa = PBXFileReference; lastKnownFileType = sourcecode.c.objc; path = AppDelegate.m; sourceTree = "<group>"; };
		41ABEF9E1F74F94E00511727 /* main.m */ = {isa = PBXFileReference; lastKnownFileType = sourcecode.c.objc; path = main.m; sourceTree = "<group>"; };
		41ABEFA31F74F94E00511727 /* Assets.xcassets */ = {isa = PBXFileReference; lastKnownFileType = folder.assetcatalog; path = Assets.xcassets; sourceTree = "<group>"; };
		41ABEFA61F74F94E00511727 /* Base */ = {isa = PBXFileReference; lastKnownFileType = file.storyboard; name = Base; path = Base.lproj/Main.storyboard; sourceTree = "<group>"; };
		41ABEFA81F74F94E00511727 /* Info.plist */ = {isa = PBXFileReference; lastKnownFileType = text.plist.xml; path = Info.plist; sourceTree = "<group>"; };
		41ABEFAE1F74FBF300511727 /* WheresMySound.entitlements */ = {isa = PBXFileReference; lastKnownFileType = text.plist.entitlements; path = WheresMySound.entitlements; sourceTree = "<group>"; };
		41ABEFAF1F74FC0600511727 /* WheresMySoundHelper.entitlements */ = {isa = PBXFileReference; lastKnownFileType = text.plist.entitlements; path = WheresMySoundHelper.entitlements; sourceTree = "<group>"; };
		41F0C8B61F71B0F0009669BA /* AutoStartController.swift */ = {isa = PBXFileReference; fileEncoding = 4; lastKnownFileType = sourcecode.swift; path = AutoStartController.swift; sourceTree = "<group>"; };
		41F57FCE1F765C02006E45FA /* NSMenu+AddItemWithTarget.swift */ = {isa = PBXFileReference; lastKnownFileType = sourcecode.swift; path = "NSMenu+AddItemWithTarget.swift"; sourceTree = "<group>"; };
/* End PBXFileReference section */

/* Begin PBXFrameworksBuildPhase section */
		419573761F648260007E71AD /* Frameworks */ = {
			isa = PBXFrameworksBuildPhase;
			buildActionMask = 2147483647;
			files = (
			);
			runOnlyForDeploymentPostprocessing = 0;
		};
		41ABEF951F74F94E00511727 /* Frameworks */ = {
			isa = PBXFrameworksBuildPhase;
			buildActionMask = 2147483647;
			files = (
			);
			runOnlyForDeploymentPostprocessing = 0;
		};
/* End PBXFrameworksBuildPhase section */

/* Begin PBXGroup section */
		415140D31FF7E1FA00AF40E2 /* Supporting Files */ = {
			isa = PBXGroup;
			children = (
				410331061FFA7ADA002744B6 /* Credits.html */,
				415140D01FF7E18800AF40E2 /* HowToMoveIcon.mp4 */,
			);
			path = "Supporting Files";
			sourceTree = "<group>";
		};
		419573701F648260007E71AD = {
			isa = PBXGroup;
			children = (
				4195737B1F648260007E71AD /* WheresMySound */,
				41ABEF991F74F94E00511727 /* WheresMySoundHelper */,
				4195737A1F648260007E71AD /* Products */,
			);
			sourceTree = "<group>";
		};
		4195737A1F648260007E71AD /* Products */ = {
			isa = PBXGroup;
			children = (
				419573791F648260007E71AD /* WheresMySound.app */,
				41ABEF981F74F94E00511727 /* WheresMySoundHelper.app */,
			);
			name = Products;
			sourceTree = "<group>";
		};
		4195737B1F648260007E71AD /* WheresMySound */ = {
			isa = PBXGroup;
			children = (
				415140D31FF7E1FA00AF40E2 /* Supporting Files */,
				41ABEFAE1F74FBF300511727 /* WheresMySound.entitlements */,
				419573801F648260007E71AD /* Assets.xcassets */,
				4195737C1F648260007E71AD /* AppDelegate.swift */,
				4195737E1F648260007E71AD /* ViewController.swift */,
				419573821F648260007E71AD /* Main.storyboard */,
				419573851F648260007E71AD /* Info.plist */,
				4195738B1F653770007E71AD /* SoundDeviceWatcher.swift */,
				41A4AAFA1F66BDE900D201E3 /* ListenerHack.m */,
				41A4AAFC1F66BE0800D201E3 /* ListenerHack.h */,
				41A4AAF91F66BDE900D201E3 /* WheresMySound-Bridging-Header.h */,
				41050C9F1F6D1FC2003721E9 /* NSImage+Tinting.swift */,
				41F57FCE1F765C02006E45FA /* NSMenu+AddItemWithTarget.swift */,
				417FCE401F6D8C3700381B5C /* StatusItemController.swift */,
				41F0C8B61F71B0F0009669BA /* AutoStartController.swift */,
				411460751F78E6E10066C99D /* HelpPopover.swift */,
				410331081FFAE784002744B6 /* PreferencesViewController.swift */,
			);
			path = WheresMySound;
			sourceTree = "<group>";
		};
		41ABEF991F74F94E00511727 /* WheresMySoundHelper */ = {
			isa = PBXGroup;
			children = (
				41ABEFAF1F74FC0600511727 /* WheresMySoundHelper.entitlements */,
				41ABEFA81F74F94E00511727 /* Info.plist */,
				41ABEFA31F74F94E00511727 /* Assets.xcassets */,
				41ABEFA51F74F94E00511727 /* Main.storyboard */,
				41ABEF9A1F74F94E00511727 /* AppDelegate.h */,
				41ABEF9B1F74F94E00511727 /* AppDelegate.m */,
				41ABEF9D1F74F94E00511727 /* Supporting Files */,
			);
			path = WheresMySoundHelper;
			sourceTree = "<group>";
		};
		41ABEF9D1F74F94E00511727 /* Supporting Files */ = {
			isa = PBXGroup;
			children = (
				41ABEF9E1F74F94E00511727 /* main.m */,
			);
			name = "Supporting Files";
			sourceTree = "<group>";
		};
/* End PBXGroup section */

/* Begin PBXNativeTarget section */
		419573781F648260007E71AD /* WheresMySound */ = {
			isa = PBXNativeTarget;
			buildConfigurationList = 419573881F648260007E71AD /* Build configuration list for PBXNativeTarget "WheresMySound" */;
			buildPhases = (
				419573751F648260007E71AD /* Sources */,
				419573761F648260007E71AD /* Frameworks */,
				419573771F648260007E71AD /* Resources */,
				41ABEFAC1F74F9E600511727 /* CopyFiles */,
			);
			buildRules = (
			);
			dependencies = (
				41ABEFB11F74FD4000511727 /* PBXTargetDependency */,
			);
			name = WheresMySound;
			productName = WheresMySound;
			productReference = 419573791F648260007E71AD /* WheresMySound.app */;
			productType = "com.apple.product-type.application";
		};
		41ABEF971F74F94E00511727 /* WheresMySoundHelper */ = {
			isa = PBXNativeTarget;
			buildConfigurationList = 41ABEFAB1F74F94E00511727 /* Build configuration list for PBXNativeTarget "WheresMySoundHelper" */;
			buildPhases = (
				41ABEF941F74F94E00511727 /* Sources */,
				41ABEF951F74F94E00511727 /* Frameworks */,
				41ABEF961F74F94E00511727 /* Resources */,
			);
			buildRules = (
			);
			dependencies = (
			);
			name = WheresMySoundHelper;
			productName = WheresMySoundHelper;
			productReference = 41ABEF981F74F94E00511727 /* WheresMySoundHelper.app */;
			productType = "com.apple.product-type.application";
		};
/* End PBXNativeTarget section */

/* Begin PBXProject section */
		419573711F648260007E71AD /* Project object */ = {
			isa = PBXProject;
			attributes = {
				LastSwiftUpdateCheck = 0830;
				LastUpgradeCheck = 0900;
				ORGANIZATIONNAME = "Marco Barisione";
				TargetAttributes = {
					419573781F648260007E71AD = {
						CreatedOnToolsVersion = 8.3.3;
						DevelopmentTeam = ZMH85PTZ89;
						LastSwiftMigration = 0900;
						ProvisioningStyle = Automatic;
						SystemCapabilities = {
							com.apple.Sandbox = {
								enabled = 1;
							};
						};
					};
					41ABEF971F74F94E00511727 = {
						CreatedOnToolsVersion = 8.3.3;
						DevelopmentTeam = ZMH85PTZ89;
						ProvisioningStyle = Automatic;
						SystemCapabilities = {
							com.apple.Sandbox = {
								enabled = 1;
							};
						};
					};
				};
			};
			buildConfigurationList = 419573741F648260007E71AD /* Build configuration list for PBXProject "WheresMySound" */;
			compatibilityVersion = "Xcode 3.2";
			developmentRegion = English;
			hasScannedForEncodings = 0;
			knownRegions = (
				en,
				Base,
			);
			mainGroup = 419573701F648260007E71AD;
			productRefGroup = 4195737A1F648260007E71AD /* Products */;
			projectDirPath = "";
			projectRoot = "";
			targets = (
				419573781F648260007E71AD /* WheresMySound */,
				41ABEF971F74F94E00511727 /* WheresMySoundHelper */,
			);
		};
/* End PBXProject section */

/* Begin PBXResourcesBuildPhase section */
		419573771F648260007E71AD /* Resources */ = {
			isa = PBXResourcesBuildPhase;
			buildActionMask = 2147483647;
			files = (
				419573811F648260007E71AD /* Assets.xcassets in Resources */,
				419573841F648260007E71AD /* Main.storyboard in Resources */,
				415140D11FF7E18800AF40E2 /* HowToMoveIcon.mp4 in Resources */,
				410331071FFA7ADA002744B6 /* Credits.html in Resources */,
			);
			runOnlyForDeploymentPostprocessing = 0;
		};
		41ABEF961F74F94E00511727 /* Resources */ = {
			isa = PBXResourcesBuildPhase;
			buildActionMask = 2147483647;
			files = (
				41ABEFA41F74F94E00511727 /* Assets.xcassets in Resources */,
				41ABEFA71F74F94E00511727 /* Main.storyboard in Resources */,
			);
			runOnlyForDeploymentPostprocessing = 0;
		};
/* End PBXResourcesBuildPhase section */

/* Begin PBXSourcesBuildPhase section */
		419573751F648260007E71AD /* Sources */ = {
			isa = PBXSourcesBuildPhase;
			buildActionMask = 2147483647;
			files = (
				41F0C8B71F71B0F0009669BA /* AutoStartController.swift in Sources */,
				41F57FCF1F765C02006E45FA /* NSMenu+AddItemWithTarget.swift in Sources */,
				417FCE411F6D8C3700381B5C /* StatusItemController.swift in Sources */,
				411460771F78E6E10066C99D /* HelpPopover.swift in Sources */,
				41050CA01F6D1FC2003721E9 /* NSImage+Tinting.swift in Sources */,
				410331091FFAE784002744B6 /* PreferencesViewController.swift in Sources */,
				4195738C1F653770007E71AD /* SoundDeviceWatcher.swift in Sources */,
				4195737F1F648260007E71AD /* ViewController.swift in Sources */,
				4195737D1F648260007E71AD /* AppDelegate.swift in Sources */,
				41A4AAFB1F66BDE900D201E3 /* ListenerHack.m in Sources */,
			);
			runOnlyForDeploymentPostprocessing = 0;
		};
		41ABEF941F74F94E00511727 /* Sources */ = {
			isa = PBXSourcesBuildPhase;
			buildActionMask = 2147483647;
			files = (
				41ABEF9F1F74F94E00511727 /* main.m in Sources */,
				41ABEF9C1F74F94E00511727 /* AppDelegate.m in Sources */,
			);
			runOnlyForDeploymentPostprocessing = 0;
		};
/* End PBXSourcesBuildPhase section */

/* Begin PBXTargetDependency section */
		41ABEFB11F74FD4000511727 /* PBXTargetDependency */ = {
			isa = PBXTargetDependency;
			target = 41ABEF971F74F94E00511727 /* WheresMySoundHelper */;
			targetProxy = 41ABEFB01F74FD4000511727 /* PBXContainerItemProxy */;
		};
/* End PBXTargetDependency section */

/* Begin PBXVariantGroup section */
		419573821F648260007E71AD /* Main.storyboard */ = {
			isa = PBXVariantGroup;
			children = (
				419573831F648260007E71AD /* Base */,
			);
			name = Main.storyboard;
			sourceTree = "<group>";
		};
		41ABEFA51F74F94E00511727 /* Main.storyboard */ = {
			isa = PBXVariantGroup;
			children = (
				41ABEFA61F74F94E00511727 /* Base */,
			);
			name = Main.storyboard;
			sourceTree = "<group>";
		};
/* End PBXVariantGroup section */

/* Begin XCBuildConfiguration section */
		419573861F648260007E71AD /* Debug */ = {
			isa = XCBuildConfiguration;
			buildSettings = {
				ALWAYS_SEARCH_USER_PATHS = NO;
				CLANG_ANALYZER_NONNULL = YES;
				CLANG_ANALYZER_NUMBER_OBJECT_CONVERSION = YES_AGGRESSIVE;
				CLANG_CXX_LANGUAGE_STANDARD = "gnu++0x";
				CLANG_CXX_LIBRARY = "libc++";
				CLANG_ENABLE_MODULES = YES;
				CLANG_ENABLE_OBJC_ARC = YES;
				CLANG_WARN_BLOCK_CAPTURE_AUTORELEASING = YES;
				CLANG_WARN_BOOL_CONVERSION = YES;
				CLANG_WARN_COMMA = YES;
				CLANG_WARN_CONSTANT_CONVERSION = YES;
				CLANG_WARN_DIRECT_OBJC_ISA_USAGE = YES_ERROR;
				CLANG_WARN_DOCUMENTATION_COMMENTS = YES;
				CLANG_WARN_EMPTY_BODY = YES;
				CLANG_WARN_ENUM_CONVERSION = YES;
				CLANG_WARN_INFINITE_RECURSION = YES;
				CLANG_WARN_INT_CONVERSION = YES;
				CLANG_WARN_NON_LITERAL_NULL_CONVERSION = YES;
				CLANG_WARN_OBJC_LITERAL_CONVERSION = YES;
				CLANG_WARN_OBJC_ROOT_CLASS = YES_ERROR;
				CLANG_WARN_RANGE_LOOP_ANALYSIS = YES;
				CLANG_WARN_STRICT_PROTOTYPES = YES;
				CLANG_WARN_SUSPICIOUS_MOVE = YES;
				CLANG_WARN_UNREACHABLE_CODE = YES;
				CLANG_WARN__DUPLICATE_METHOD_MATCH = YES;
				CODE_SIGN_IDENTITY = "-";
				COPY_PHASE_STRIP = NO;
				DEBUG_INFORMATION_FORMAT = dwarf;
				ENABLE_STRICT_OBJC_MSGSEND = YES;
				ENABLE_TESTABILITY = YES;
				GCC_C_LANGUAGE_STANDARD = gnu99;
				GCC_DYNAMIC_NO_PIC = NO;
				GCC_NO_COMMON_BLOCKS = YES;
				GCC_OPTIMIZATION_LEVEL = 0;
				GCC_PREPROCESSOR_DEFINITIONS = (
					"DEBUG=1",
					"$(inherited)",
				);
				GCC_WARN_64_TO_32_BIT_CONVERSION = YES;
				GCC_WARN_ABOUT_RETURN_TYPE = YES_ERROR;
				GCC_WARN_UNDECLARED_SELECTOR = YES;
				GCC_WARN_UNINITIALIZED_AUTOS = YES_AGGRESSIVE;
				GCC_WARN_UNUSED_FUNCTION = YES;
				GCC_WARN_UNUSED_VARIABLE = YES;
				MACOSX_DEPLOYMENT_TARGET = 10.12;
				MTL_ENABLE_DEBUG_INFO = YES;
				ONLY_ACTIVE_ARCH = YES;
				SDKROOT = macosx;
				SWIFT_ACTIVE_COMPILATION_CONDITIONS = DEBUG;
				SWIFT_OPTIMIZATION_LEVEL = "-Onone";
				SWIFT_SWIFT3_OBJC_INFERENCE = Off;
			};
			name = Debug;
		};
		419573871F648260007E71AD /* Release */ = {
			isa = XCBuildConfiguration;
			buildSettings = {
				ALWAYS_SEARCH_USER_PATHS = NO;
				CLANG_ANALYZER_NONNULL = YES;
				CLANG_ANALYZER_NUMBER_OBJECT_CONVERSION = YES_AGGRESSIVE;
				CLANG_CXX_LANGUAGE_STANDARD = "gnu++0x";
				CLANG_CXX_LIBRARY = "libc++";
				CLANG_ENABLE_MODULES = YES;
				CLANG_ENABLE_OBJC_ARC = YES;
				CLANG_WARN_BLOCK_CAPTURE_AUTORELEASING = YES;
				CLANG_WARN_BOOL_CONVERSION = YES;
				CLANG_WARN_COMMA = YES;
				CLANG_WARN_CONSTANT_CONVERSION = YES;
				CLANG_WARN_DIRECT_OBJC_ISA_USAGE = YES_ERROR;
				CLANG_WARN_DOCUMENTATION_COMMENTS = YES;
				CLANG_WARN_EMPTY_BODY = YES;
				CLANG_WARN_ENUM_CONVERSION = YES;
				CLANG_WARN_INFINITE_RECURSION = YES;
				CLANG_WARN_INT_CONVERSION = YES;
				CLANG_WARN_NON_LITERAL_NULL_CONVERSION = YES;
				CLANG_WARN_OBJC_LITERAL_CONVERSION = YES;
				CLANG_WARN_OBJC_ROOT_CLASS = YES_ERROR;
				CLANG_WARN_RANGE_LOOP_ANALYSIS = YES;
				CLANG_WARN_STRICT_PROTOTYPES = YES;
				CLANG_WARN_SUSPICIOUS_MOVE = YES;
				CLANG_WARN_UNREACHABLE_CODE = YES;
				CLANG_WARN__DUPLICATE_METHOD_MATCH = YES;
				CODE_SIGN_IDENTITY = "-";
				COPY_PHASE_STRIP = NO;
				DEBUG_INFORMATION_FORMAT = "dwarf-with-dsym";
				ENABLE_NS_ASSERTIONS = NO;
				ENABLE_STRICT_OBJC_MSGSEND = YES;
				GCC_C_LANGUAGE_STANDARD = gnu99;
				GCC_NO_COMMON_BLOCKS = YES;
				GCC_WARN_64_TO_32_BIT_CONVERSION = YES;
				GCC_WARN_ABOUT_RETURN_TYPE = YES_ERROR;
				GCC_WARN_UNDECLARED_SELECTOR = YES;
				GCC_WARN_UNINITIALIZED_AUTOS = YES_AGGRESSIVE;
				GCC_WARN_UNUSED_FUNCTION = YES;
				GCC_WARN_UNUSED_VARIABLE = YES;
				MACOSX_DEPLOYMENT_TARGET = 10.12;
				MTL_ENABLE_DEBUG_INFO = NO;
				SDKROOT = macosx;
				SWIFT_OPTIMIZATION_LEVEL = "-Owholemodule";
				SWIFT_SWIFT3_OBJC_INFERENCE = Off;
			};
			name = Release;
		};
		419573891F648260007E71AD /* Debug */ = {
			isa = XCBuildConfiguration;
			buildSettings = {
				ASSETCATALOG_COMPILER_APPICON_NAME = AppIcon;
				CLANG_ENABLE_MODULES = YES;
				CODE_SIGN_ENTITLEMENTS = WheresMySound/WheresMySound.entitlements;
				CODE_SIGN_IDENTITY = "Mac Developer";
				COMBINE_HIDPI_IMAGES = YES;
				DEVELOPMENT_TEAM = "";
				INFOPLIST_FILE = WheresMySound/Info.plist;
				LD_RUNPATH_SEARCH_PATHS = "$(inherited) @executable_path/../Frameworks";
				PRODUCT_BUNDLE_IDENTIFIER = org.barisione.WheresMySound;
				PRODUCT_NAME = "$(TARGET_NAME)";
				PROVISIONING_PROFILE_SPECIFIER = "";
				SWIFT_OBJC_BRIDGING_HEADER = "WheresMySound/WheresMySound-Bridging-Header.h";
				SWIFT_OPTIMIZATION_LEVEL = "-Onone";
				SWIFT_SWIFT3_OBJC_INFERENCE = Off;
				SWIFT_VERSION = 4.0;
			};
			name = Debug;
		};
		4195738A1F648260007E71AD /* Release */ = {
			isa = XCBuildConfiguration;
			buildSettings = {
				ASSETCATALOG_COMPILER_APPICON_NAME = AppIcon;
				CLANG_ENABLE_MODULES = YES;
				CODE_SIGN_ENTITLEMENTS = WheresMySound/WheresMySound.entitlements;
				CODE_SIGN_IDENTITY = "Mac Developer";
				COMBINE_HIDPI_IMAGES = YES;
				DEVELOPMENT_TEAM = "";
				INFOPLIST_FILE = WheresMySound/Info.plist;
				LD_RUNPATH_SEARCH_PATHS = "$(inherited) @executable_path/../Frameworks";
				PRODUCT_BUNDLE_IDENTIFIER = org.barisione.WheresMySound;
				PRODUCT_NAME = "$(TARGET_NAME)";
				PROVISIONING_PROFILE_SPECIFIER = "";
				SWIFT_OBJC_BRIDGING_HEADER = "WheresMySound/WheresMySound-Bridging-Header.h";
				SWIFT_SWIFT3_OBJC_INFERENCE = Off;
				SWIFT_VERSION = 4.0;
			};
			name = Release;
		};
		41ABEFA91F74F94E00511727 /* Debug */ = {
			isa = XCBuildConfiguration;
			buildSettings = {
				ASSETCATALOG_COMPILER_APPICON_NAME = AppIcon;
				CODE_SIGN_ENTITLEMENTS = WheresMySoundHelper/WheresMySoundHelper.entitlements;
				CODE_SIGN_IDENTITY = "Mac Developer";
				COMBINE_HIDPI_IMAGES = YES;
				DEVELOPMENT_TEAM = ZMH85PTZ89;
				INFOPLIST_FILE = WheresMySoundHelper/Info.plist;
				LD_RUNPATH_SEARCH_PATHS = "$(inherited) @executable_path/../Frameworks";
				PRODUCT_BUNDLE_IDENTIFIER = org.barisione.WheresMySoundHelper;
				PRODUCT_NAME = "$(TARGET_NAME)";
				PROVISIONING_PROFILE_SPECIFIER = "";
				SKIP_INSTALL = YES;
			};
			name = Debug;
		};
		41ABEFAA1F74F94E00511727 /* Release */ = {
			isa = XCBuildConfiguration;
			buildSettings = {
				ASSETCATALOG_COMPILER_APPICON_NAME = AppIcon;
				CODE_SIGN_ENTITLEMENTS = WheresMySoundHelper/WheresMySoundHelper.entitlements;
				CODE_SIGN_IDENTITY = "Mac Developer";
				COMBINE_HIDPI_IMAGES = YES;
				DEVELOPMENT_TEAM = ZMH85PTZ89;
				INFOPLIST_FILE = WheresMySoundHelper/Info.plist;
				LD_RUNPATH_SEARCH_PATHS = "$(inherited) @executable_path/../Frameworks";
				PRODUCT_BUNDLE_IDENTIFIER = org.barisione.WheresMySoundHelper;
				PRODUCT_NAME = "$(TARGET_NAME)";
				PROVISIONING_PROFILE_SPECIFIER = "";
				SKIP_INSTALL = YES;
			};
			name = Release;
		};
/* End XCBuildConfiguration section */

/* Begin XCConfigurationList section */
		419573741F648260007E71AD /* Build configuration list for PBXProject "WheresMySound" */ = {
			isa = XCConfigurationList;
			buildConfigurations = (
				419573861F648260007E71AD /* Debug */,
				419573871F648260007E71AD /* Release */,
			);
			defaultConfigurationIsVisible = 0;
			defaultConfigurationName = Release;
		};
		419573881F648260007E71AD /* Build configuration list for PBXNativeTarget "WheresMySound" */ = {
			isa = XCConfigurationList;
			buildConfigurations = (
				419573891F648260007E71AD /* Debug */,
				4195738A1F648260007E71AD /* Release */,
			);
			defaultConfigurationIsVisible = 0;
			defaultConfigurationName = Release;
		};
		41ABEFAB1F74F94E00511727 /* Build configuration list for PBXNativeTarget "WheresMySoundHelper" */ = {
			isa = XCConfigurationList;
			buildConfigurations = (
				41ABEFA91F74F94E00511727 /* Debug */,
				41ABEFAA1F74F94E00511727 /* Release */,
			);
			defaultConfigurationIsVisible = 0;
			defaultConfigurationName = Release;
		};
/* End XCConfigurationList section */
	};
	rootObject = 419573711F648260007E71AD /* Project object */;
}
